
Microsoft Visual Studio Solution File, Format Version 12.00
# Visual Studio Version 17
VisualStudioVersion = 17.1.32328.378
MinimumVisualStudioVersion = 10.0.40219.1
Project("{FAE04EC0-301F-11D3-BF4B-00C04F79EFBC}") = "SSA", "SSA\SSA.csproj", "{92792B0C-3F5A-4315-99E7-20E902CC4A84}"
EndProject
Project("{FAE04EC0-301F-11D3-BF4B-00C04F79EFBC}") = "DataAccess", "DataAccess\DataAccess.csproj", "{D2A000A9-FFEA-4295-B876-AEA206EAAE69}"
EndProject
Project("{FAE04EC0-301F-11D3-BF4B-00C04F79EFBC}") = "Business", "Business\Business.csproj", "{C36B47E3-0E72-482D-8940-0849DBB3F74B}"
EndProject
Project("{FAE04EC0-301F-11D3-BF4B-00C04F79EFBC}") = "Common", "Common\Common.csproj", "{95CDD2AF-1459-47A7-B195-C68575E33F7C}"
EndProject
Global
	GlobalSection(SolutionConfigurationPlatforms) = preSolution
		Debug|Any CPU = Debug|Any CPU
		Release|Any CPU = Release|Any CPU
	EndGlobalSection
	GlobalSection(ProjectConfigurationPlatforms) = postSolution
		{92792B0C-3F5A-4315-99E7-20E902CC4A84}.Debug|Any CPU.ActiveCfg = Debug|Any CPU
		{92792B0C-3F5A-4315-99E7-20E902CC4A84}.Debug|Any CPU.Build.0 = Debug|Any CPU
		{92792B0C-3F5A-4315-99E7-20E902CC4A84}.Release|Any CPU.ActiveCfg = Release|Any CPU
		{92792B0C-3F5A-4315-99E7-20E902CC4A84}.Release|Any CPU.Build.0 = Release|Any CPU
		{D2A000A9-FFEA-4295-B876-AEA206EAAE69}.Debug|Any CPU.ActiveCfg = Debug|Any CPU
		{D2A000A9-FFEA-4295-B876-AEA206EAAE69}.Debug|Any CPU.Build.0 = Debug|Any CPU
		{D2A000A9-FFEA-4295-B876-AEA206EAAE69}.Release|Any CPU.ActiveCfg = Release|Any CPU
		{D2A000A9-FFEA-4295-B876-AEA206EAAE69}.Release|Any CPU.Build.0 = Release|Any CPU
		{C36B47E3-0E72-482D-8940-0849DBB3F74B}.Debug|Any CPU.ActiveCfg = Debug|Any CPU
		{C36B47E3-0E72-482D-8940-0849DBB3F74B}.Debug|Any CPU.Build.0 = Debug|Any CPU
		{C36B47E3-0E72-482D-8940-0849DBB3F74B}.Release|Any CPU.ActiveCfg = Release|Any CPU
		{C36B47E3-0E72-482D-8940-0849DBB3F74B}.Release|Any CPU.Build.0 = Release|Any CPU
		{95CDD2AF-1459-47A7-B195-C68575E33F7C}.Debug|Any CPU.ActiveCfg = Debug|Any CPU
		{95CDD2AF-1459-47A7-B195-C68575E33F7C}.Debug|Any CPU.Build.0 = Debug|Any CPU
		{95CDD2AF-1459-47A7-B195-C68575E33F7C}.Release|Any CPU.ActiveCfg = Release|Any CPU
		{95CDD2AF-1459-47A7-B195-C68575E33F7C}.Release|Any CPU.Build.0 = Release|Any CPU
	EndGlobalSection
	GlobalSection(SolutionProperties) = preSolution
		HideSolutionNode = FALSE
	EndGlobalSection
	GlobalSection(ExtensibilityGlobals) = postSolution
		SolutionGuid = {FF67D2F5-5331-4C3E-90F2-3396F736A018}
	EndGlobalSection
EndGlobal
